// !$*UTF8*$!
{
	archiveVersion = 1;
	classes = {
	};
	objectVersion = 56;
	objects = {

/* Begin PBXBuildFile section */
		1E9937A82A7C23720027663F /* ScheduleCollectionViewCell+Drag.swift in Sources */ = {isa = PBXBuildFile; fileRef = 1E9937A72A7C23720027663F /* ScheduleCollectionViewCell+Drag.swift */; };
		1E9937AA2A87C44E0027663F /* ScheduleItemTableViewCell.swift in Sources */ = {isa = PBXBuildFile; fileRef = 1E9937A92A87C44E0027663F /* ScheduleItemTableViewCell.swift */; };
		1E9937AC2A87C4CF0027663F /* ModernScheduleItemTableViewCell.swift in Sources */ = {isa = PBXBuildFile; fileRef = 1E9937AB2A87C4CF0027663F /* ModernScheduleItemTableViewCell.swift */; };
		1E9937AF2A87D73A0027663F /* TagView.swift in Sources */ = {isa = PBXBuildFile; fileRef = 1E9937AE2A87D73A0027663F /* TagView.swift */; };
		1E9937B12A87D8420027663F /* UIColor+Hex.swift in Sources */ = {isa = PBXBuildFile; fileRef = 1E9937B02A87D8420027663F /* UIColor+Hex.swift */; };
		1EC6387D2A5DD3C100512524 /* AppDelegate.swift in Sources */ = {isa = PBXBuildFile; fileRef = 1EC6387C2A5DD3C100512524 /* AppDelegate.swift */; };
		1EC6387F2A5DD3C100512524 /* SceneDelegate.swift in Sources */ = {isa = PBXBuildFile; fileRef = 1EC6387E2A5DD3C100512524 /* SceneDelegate.swift */; };
		1EC638812A5DD3C100512524 /* ViewController.swift in Sources */ = {isa = PBXBuildFile; fileRef = 1EC638802A5DD3C100512524 /* ViewController.swift */; };
		1EC638862A5DD3C200512524 /* Assets.xcassets in Resources */ = {isa = PBXBuildFile; fileRef = 1EC638852A5DD3C200512524 /* Assets.xcassets */; };
		1EC638892A5DD3C200512524 /* LaunchScreen.storyboard in Resources */ = {isa = PBXBuildFile; fileRef = 1EC638872A5DD3C200512524 /* LaunchScreen.storyboard */; };
		1EC638922A5DE7AF00512524 /* CustomTabBarController.swift in Sources */ = {isa = PBXBuildFile; fileRef = 1EC638912A5DE7AE00512524 /* CustomTabBarController.swift */; };
		1EC638982A5E8BEB00512524 /* SnapKit in Frameworks */ = {isa = PBXBuildFile; productRef = 1EC638972A5E8BEB00512524 /* SnapKit */; };
		1EC6389A2A5E9B3E00512524 /* MainViewController.swift in Sources */ = {isa = PBXBuildFile; fileRef = 1EC638992A5E9B3E00512524 /* MainViewController.swift */; };
		1EC6389F2A5F10FE00512524 /* DatesCollectionView.swift in Sources */ = {isa = PBXBuildFile; fileRef = 1EC6389E2A5F10FE00512524 /* DatesCollectionView.swift */; };
		1EC638A12A5F40E900512524 /* SectionButton.swift in Sources */ = {isa = PBXBuildFile; fileRef = 1EC638A02A5F40E900512524 /* SectionButton.swift */; };
		1EC638A32A6070B500512524 /* ScheduleCollectionViewCell.swift in Sources */ = {isa = PBXBuildFile; fileRef = 1EC638A22A6070B500512524 /* ScheduleCollectionViewCell.swift */; };
		1EC638A62A63E46B00512524 /* SectionsViewModel.swift in Sources */ = {isa = PBXBuildFile; fileRef = 1EC638A52A63E46B00512524 /* SectionsViewModel.swift */; };
		1EC638A82A63E63500512524 /* SectionViewModel.swift in Sources */ = {isa = PBXBuildFile; fileRef = 1EC638A72A63E63500512524 /* SectionViewModel.swift */; };
		1EC638AA2A63E65400512524 /* ScheduleSectionViewModel.swift in Sources */ = {isa = PBXBuildFile; fileRef = 1EC638A92A63E65400512524 /* ScheduleSectionViewModel.swift */; };
		1EC638AC2A63E67300512524 /* NotesSectionViewModel.swift in Sources */ = {isa = PBXBuildFile; fileRef = 1EC638AB2A63E67300512524 /* NotesSectionViewModel.swift */; };
		1EC638AE2A63E69300512524 /* RemindersSectionViewModel.swift in Sources */ = {isa = PBXBuildFile; fileRef = 1EC638AD2A63E69300512524 /* RemindersSectionViewModel.swift */; };
		1EC638B02A63E6B100512524 /* GoalsSectionViewModel.swift in Sources */ = {isa = PBXBuildFile; fileRef = 1EC638AF2A63E6B100512524 /* GoalsSectionViewModel.swift */; };
		1EC638B32A63E85B00512524 /* PropertyBinding.swift in Sources */ = {isa = PBXBuildFile; fileRef = 1EC638B22A63E85B00512524 /* PropertyBinding.swift */; };
		1EC638B52A63ED3400512524 /* MainViewModel.swift in Sources */ = {isa = PBXBuildFile; fileRef = 1EC638B42A63ED3400512524 /* MainViewModel.swift */; };
		1EC638B72A652E5000512524 /* NoteCollectionViewCell.swift in Sources */ = {isa = PBXBuildFile; fileRef = 1EC638B62A652E5000512524 /* NoteCollectionViewCell.swift */; };
		1EC638BB2A6A842800512524 /* AddScheduleItemViewController.swift in Sources */ = {isa = PBXBuildFile; fileRef = 1EC638BA2A6A842800512524 /* AddScheduleItemViewController.swift */; };
		1EC638BD2A6AA39E00512524 /* NotificationsViewModel.swift in Sources */ = {isa = PBXBuildFile; fileRef = 1EC638BC2A6AA39E00512524 /* NotificationsViewModel.swift */; };
		1EC638BF2A6AAE5B00512524 /* ScheduleItemTableViewCells.swift in Sources */ = {isa = PBXBuildFile; fileRef = 1EC638BE2A6AAE5B00512524 /* ScheduleItemTableViewCells.swift */; };
		1EC638C22A6B040600512524 /* SectionsManager.swift in Sources */ = {isa = PBXBuildFile; fileRef = 1EC638C12A6B040600512524 /* SectionsManager.swift */; };
		1EC638C52A6E78C500512524 /* RealmSwift in Frameworks */ = {isa = PBXBuildFile; productRef = 1EC638C42A6E78C500512524 /* RealmSwift */; };
		1EC638CF2A6E7D5500512524 /* ScheduleItemViewModel.swift in Sources */ = {isa = PBXBuildFile; fileRef = 1EC638CE2A6E7D5500512524 /* ScheduleItemViewModel.swift */; };
		1EC638D12A6E7D7200512524 /* ScheduleSectionsManager.swift in Sources */ = {isa = PBXBuildFile; fileRef = 1EC638D02A6E7D7200512524 /* ScheduleSectionsManager.swift */; };
		1EC638D32A6E7DB200512524 /* ScheduleItemRealmObject.swift in Sources */ = {isa = PBXBuildFile; fileRef = 1EC638D22A6E7DB200512524 /* ScheduleItemRealmObject.swift */; };
		1EC638D52A6E7E9800512524 /* SectionsRealmManager.swift in Sources */ = {isa = PBXBuildFile; fileRef = 1EC638D42A6E7E9800512524 /* SectionsRealmManager.swift */; };
		1EC638D72A6E9A7100512524 /* SectionItemViewModel.swift in Sources */ = {isa = PBXBuildFile; fileRef = 1EC638D62A6E9A7100512524 /* SectionItemViewModel.swift */; };
		1EC638D92A6EF43200512524 /* EditNotesItemViewController.swift in Sources */ = {isa = PBXBuildFile; fileRef = 1EC638D82A6EF43200512524 /* EditNotesItemViewController.swift */; };
		1EC638DB2A6EF64600512524 /* NotesItemViewModel.swift in Sources */ = {isa = PBXBuildFile; fileRef = 1EC638DA2A6EF64600512524 /* NotesItemViewModel.swift */; };
		1EC638DD2A6EF66B00512524 /* NotesSectionsManager.swift in Sources */ = {isa = PBXBuildFile; fileRef = 1EC638DC2A6EF66B00512524 /* NotesSectionsManager.swift */; };
		1EC638E02A6EFA5000512524 /* NotesItemTableViewCells.swift in Sources */ = {isa = PBXBuildFile; fileRef = 1EC638DF2A6EFA5000512524 /* NotesItemTableViewCells.swift */; };
		1EC638E62A7120C500512524 /* NotesItemRealmObject.swift in Sources */ = {isa = PBXBuildFile; fileRef = 1EC638E52A7120C500512524 /* NotesItemRealmObject.swift */; };
		1EC638E82A7134E000512524 /* SectionsFactory.swift in Sources */ = {isa = PBXBuildFile; fileRef = 1EC638E72A7134E000512524 /* SectionsFactory.swift */; };
		1EC638EA2A73A70A00512524 /* SectionRealmItemsUpdater.swift in Sources */ = {isa = PBXBuildFile; fileRef = 1EC638E92A73A70A00512524 /* SectionRealmItemsUpdater.swift */; };
		1EC638ED2A744B3800512524 /* SectionRealmItemsRemover.swift in Sources */ = {isa = PBXBuildFile; fileRef = 1EC638EC2A744B3800512524 /* SectionRealmItemsRemover.swift */; };
		1EC638F02A750DF700512524 /* DeleteAreaView.swift in Sources */ = {isa = PBXBuildFile; fileRef = 1EC638EF2A750DF700512524 /* DeleteAreaView.swift */; };
		1EC638F22A750E1800512524 /* DeleteAreaView+Drop.swift in Sources */ = {isa = PBXBuildFile; fileRef = 1EC638F12A750E1800512524 /* DeleteAreaView+Drop.swift */; };
		1EC638F72A7512A100512524 /* NoteCollectionView+Drag.swift in Sources */ = {isa = PBXBuildFile; fileRef = 1EC638F62A7512A100512524 /* NoteCollectionView+Drag.swift */; };
		1EC638FC2A767F0A00512524 /* InputTableViewCell.swift in Sources */ = {isa = PBXBuildFile; fileRef = 1EC638FB2A767F0A00512524 /* InputTableViewCell.swift */; };
		1EC638FE2A76820800512524 /* TitleInputTableViewCell.swift in Sources */ = {isa = PBXBuildFile; fileRef = 1EC638FD2A76820800512524 /* TitleInputTableViewCell.swift */; };
		1EC639002A76827C00512524 /* TitleInputTableViewCell+TextField.swift in Sources */ = {isa = PBXBuildFile; fileRef = 1EC638FF2A76827C00512524 /* TitleInputTableViewCell+TextField.swift */; };
		1EC639022A76894F00512524 /* DescriptionInputTableViewCell.swift in Sources */ = {isa = PBXBuildFile; fileRef = 1EC639012A76894F00512524 /* DescriptionInputTableViewCell.swift */; };
		1EC639042A7689FD00512524 /* DescriptionInputTableViewCell+TextView.swift in Sources */ = {isa = PBXBuildFile; fileRef = 1EC639032A7689FD00512524 /* DescriptionInputTableViewCell+TextView.swift */; };
		1EC639062A768F8400512524 /* DescriptionModel.swift in Sources */ = {isa = PBXBuildFile; fileRef = 1EC639052A768F8400512524 /* DescriptionModel.swift */; };
/* End PBXBuildFile section */

/* Begin PBXFileReference section */
		1E9937A72A7C23720027663F /* ScheduleCollectionViewCell+Drag.swift */ = {isa = PBXFileReference; lastKnownFileType = sourcecode.swift; path = "ScheduleCollectionViewCell+Drag.swift"; sourceTree = "<group>"; };
		1E9937A92A87C44E0027663F /* ScheduleItemTableViewCell.swift */ = {isa = PBXFileReference; lastKnownFileType = sourcecode.swift; path = ScheduleItemTableViewCell.swift; sourceTree = "<group>"; };
		1E9937AB2A87C4CF0027663F /* ModernScheduleItemTableViewCell.swift */ = {isa = PBXFileReference; lastKnownFileType = sourcecode.swift; path = ModernScheduleItemTableViewCell.swift; sourceTree = "<group>"; };
		1E9937AE2A87D73A0027663F /* TagView.swift */ = {isa = PBXFileReference; lastKnownFileType = sourcecode.swift; path = TagView.swift; sourceTree = "<group>"; };
		1E9937B02A87D8420027663F /* UIColor+Hex.swift */ = {isa = PBXFileReference; lastKnownFileType = sourcecode.swift; path = "UIColor+Hex.swift"; sourceTree = "<group>"; };
		1EC638792A5DD3C100512524 /* MyDay.app */ = {isa = PBXFileReference; explicitFileType = wrapper.application; includeInIndex = 0; path = MyDay.app; sourceTree = BUILT_PRODUCTS_DIR; };
		1EC6387C2A5DD3C100512524 /* AppDelegate.swift */ = {isa = PBXFileReference; lastKnownFileType = sourcecode.swift; path = AppDelegate.swift; sourceTree = "<group>"; };
		1EC6387E2A5DD3C100512524 /* SceneDelegate.swift */ = {isa = PBXFileReference; lastKnownFileType = sourcecode.swift; path = SceneDelegate.swift; sourceTree = "<group>"; };
		1EC638802A5DD3C100512524 /* ViewController.swift */ = {isa = PBXFileReference; lastKnownFileType = sourcecode.swift; path = ViewController.swift; sourceTree = "<group>"; };
		1EC638852A5DD3C200512524 /* Assets.xcassets */ = {isa = PBXFileReference; lastKnownFileType = folder.assetcatalog; path = Assets.xcassets; sourceTree = "<group>"; };
		1EC638882A5DD3C200512524 /* Base */ = {isa = PBXFileReference; lastKnownFileType = file.storyboard; name = Base; path = Base.lproj/LaunchScreen.storyboard; sourceTree = "<group>"; };
		1EC6388A2A5DD3C200512524 /* Info.plist */ = {isa = PBXFileReference; lastKnownFileType = text.plist.xml; path = Info.plist; sourceTree = "<group>"; };
		1EC638912A5DE7AE00512524 /* CustomTabBarController.swift */ = {isa = PBXFileReference; lastKnownFileType = sourcecode.swift; path = CustomTabBarController.swift; sourceTree = "<group>"; };
		1EC638992A5E9B3E00512524 /* MainViewController.swift */ = {isa = PBXFileReference; lastKnownFileType = sourcecode.swift; path = MainViewController.swift; sourceTree = "<group>"; };
		1EC6389E2A5F10FE00512524 /* DatesCollectionView.swift */ = {isa = PBXFileReference; lastKnownFileType = sourcecode.swift; path = DatesCollectionView.swift; sourceTree = "<group>"; };
		1EC638A02A5F40E900512524 /* SectionButton.swift */ = {isa = PBXFileReference; lastKnownFileType = sourcecode.swift; path = SectionButton.swift; sourceTree = "<group>"; };
		1EC638A22A6070B500512524 /* ScheduleCollectionViewCell.swift */ = {isa = PBXFileReference; lastKnownFileType = sourcecode.swift; path = ScheduleCollectionViewCell.swift; sourceTree = "<group>"; };
		1EC638A52A63E46B00512524 /* SectionsViewModel.swift */ = {isa = PBXFileReference; lastKnownFileType = sourcecode.swift; path = SectionsViewModel.swift; sourceTree = "<group>"; };
		1EC638A72A63E63500512524 /* SectionViewModel.swift */ = {isa = PBXFileReference; lastKnownFileType = sourcecode.swift; path = SectionViewModel.swift; sourceTree = "<group>"; };
		1EC638A92A63E65400512524 /* ScheduleSectionViewModel.swift */ = {isa = PBXFileReference; lastKnownFileType = sourcecode.swift; path = ScheduleSectionViewModel.swift; sourceTree = "<group>"; };
		1EC638AB2A63E67300512524 /* NotesSectionViewModel.swift */ = {isa = PBXFileReference; lastKnownFileType = sourcecode.swift; path = NotesSectionViewModel.swift; sourceTree = "<group>"; };
		1EC638AD2A63E69300512524 /* RemindersSectionViewModel.swift */ = {isa = PBXFileReference; lastKnownFileType = sourcecode.swift; path = RemindersSectionViewModel.swift; sourceTree = "<group>"; };
		1EC638AF2A63E6B100512524 /* GoalsSectionViewModel.swift */ = {isa = PBXFileReference; lastKnownFileType = sourcecode.swift; path = GoalsSectionViewModel.swift; sourceTree = "<group>"; };
		1EC638B22A63E85B00512524 /* PropertyBinding.swift */ = {isa = PBXFileReference; lastKnownFileType = sourcecode.swift; path = PropertyBinding.swift; sourceTree = "<group>"; };
		1EC638B42A63ED3400512524 /* MainViewModel.swift */ = {isa = PBXFileReference; lastKnownFileType = sourcecode.swift; path = MainViewModel.swift; sourceTree = "<group>"; };
		1EC638B62A652E5000512524 /* NoteCollectionViewCell.swift */ = {isa = PBXFileReference; lastKnownFileType = sourcecode.swift; path = NoteCollectionViewCell.swift; sourceTree = "<group>"; };
		1EC638BA2A6A842800512524 /* AddScheduleItemViewController.swift */ = {isa = PBXFileReference; lastKnownFileType = sourcecode.swift; path = AddScheduleItemViewController.swift; sourceTree = "<group>"; };
		1EC638BC2A6AA39E00512524 /* NotificationsViewModel.swift */ = {isa = PBXFileReference; lastKnownFileType = sourcecode.swift; path = NotificationsViewModel.swift; sourceTree = "<group>"; };
		1EC638BE2A6AAE5B00512524 /* ScheduleItemTableViewCells.swift */ = {isa = PBXFileReference; lastKnownFileType = sourcecode.swift; path = ScheduleItemTableViewCells.swift; sourceTree = "<group>"; };
		1EC638C12A6B040600512524 /* SectionsManager.swift */ = {isa = PBXFileReference; lastKnownFileType = sourcecode.swift; path = SectionsManager.swift; sourceTree = "<group>"; };
		1EC638CE2A6E7D5500512524 /* ScheduleItemViewModel.swift */ = {isa = PBXFileReference; lastKnownFileType = sourcecode.swift; path = ScheduleItemViewModel.swift; sourceTree = "<group>"; };
		1EC638D02A6E7D7200512524 /* ScheduleSectionsManager.swift */ = {isa = PBXFileReference; lastKnownFileType = sourcecode.swift; path = ScheduleSectionsManager.swift; sourceTree = "<group>"; };
		1EC638D22A6E7DB200512524 /* ScheduleItemRealmObject.swift */ = {isa = PBXFileReference; lastKnownFileType = sourcecode.swift; path = ScheduleItemRealmObject.swift; sourceTree = "<group>"; };
		1EC638D42A6E7E9800512524 /* SectionsRealmManager.swift */ = {isa = PBXFileReference; lastKnownFileType = sourcecode.swift; path = SectionsRealmManager.swift; sourceTree = "<group>"; };
		1EC638D62A6E9A7100512524 /* SectionItemViewModel.swift */ = {isa = PBXFileReference; lastKnownFileType = sourcecode.swift; path = SectionItemViewModel.swift; sourceTree = "<group>"; };
		1EC638D82A6EF43200512524 /* EditNotesItemViewController.swift */ = {isa = PBXFileReference; lastKnownFileType = sourcecode.swift; path = EditNotesItemViewController.swift; sourceTree = "<group>"; };
		1EC638DA2A6EF64600512524 /* NotesItemViewModel.swift */ = {isa = PBXFileReference; lastKnownFileType = sourcecode.swift; path = NotesItemViewModel.swift; sourceTree = "<group>"; };
		1EC638DC2A6EF66B00512524 /* NotesSectionsManager.swift */ = {isa = PBXFileReference; lastKnownFileType = sourcecode.swift; path = NotesSectionsManager.swift; sourceTree = "<group>"; };
		1EC638DF2A6EFA5000512524 /* NotesItemTableViewCells.swift */ = {isa = PBXFileReference; lastKnownFileType = sourcecode.swift; path = NotesItemTableViewCells.swift; sourceTree = "<group>"; };
		1EC638E52A7120C500512524 /* NotesItemRealmObject.swift */ = {isa = PBXFileReference; lastKnownFileType = sourcecode.swift; path = NotesItemRealmObject.swift; sourceTree = "<group>"; };
		1EC638E72A7134E000512524 /* SectionsFactory.swift */ = {isa = PBXFileReference; lastKnownFileType = sourcecode.swift; path = SectionsFactory.swift; sourceTree = "<group>"; };
		1EC638E92A73A70A00512524 /* SectionRealmItemsUpdater.swift */ = {isa = PBXFileReference; lastKnownFileType = sourcecode.swift; path = SectionRealmItemsUpdater.swift; sourceTree = "<group>"; };
		1EC638EC2A744B3800512524 /* SectionRealmItemsRemover.swift */ = {isa = PBXFileReference; lastKnownFileType = sourcecode.swift; path = SectionRealmItemsRemover.swift; sourceTree = "<group>"; };
		1EC638EF2A750DF700512524 /* DeleteAreaView.swift */ = {isa = PBXFileReference; lastKnownFileType = sourcecode.swift; path = DeleteAreaView.swift; sourceTree = "<group>"; };
		1EC638F12A750E1800512524 /* DeleteAreaView+Drop.swift */ = {isa = PBXFileReference; lastKnownFileType = sourcecode.swift; path = "DeleteAreaView+Drop.swift"; sourceTree = "<group>"; };
		1EC638F62A7512A100512524 /* NoteCollectionView+Drag.swift */ = {isa = PBXFileReference; lastKnownFileType = sourcecode.swift; path = "NoteCollectionView+Drag.swift"; sourceTree = "<group>"; };
		1EC638FB2A767F0A00512524 /* InputTableViewCell.swift */ = {isa = PBXFileReference; lastKnownFileType = sourcecode.swift; path = InputTableViewCell.swift; sourceTree = "<group>"; };
		1EC638FD2A76820800512524 /* TitleInputTableViewCell.swift */ = {isa = PBXFileReference; lastKnownFileType = sourcecode.swift; path = TitleInputTableViewCell.swift; sourceTree = "<group>"; };
		1EC638FF2A76827C00512524 /* TitleInputTableViewCell+TextField.swift */ = {isa = PBXFileReference; lastKnownFileType = sourcecode.swift; path = "TitleInputTableViewCell+TextField.swift"; sourceTree = "<group>"; };
		1EC639012A76894F00512524 /* DescriptionInputTableViewCell.swift */ = {isa = PBXFileReference; lastKnownFileType = sourcecode.swift; path = DescriptionInputTableViewCell.swift; sourceTree = "<group>"; };
		1EC639032A7689FD00512524 /* DescriptionInputTableViewCell+TextView.swift */ = {isa = PBXFileReference; lastKnownFileType = sourcecode.swift; path = "DescriptionInputTableViewCell+TextView.swift"; sourceTree = "<group>"; };
		1EC639052A768F8400512524 /* DescriptionModel.swift */ = {isa = PBXFileReference; lastKnownFileType = sourcecode.swift; path = DescriptionModel.swift; sourceTree = "<group>"; };
/* End PBXFileReference section */

/* Begin PBXFrameworksBuildPhase section */
		1EC638762A5DD3C100512524 /* Frameworks */ = {
			isa = PBXFrameworksBuildPhase;
			buildActionMask = 2147483647;
			files = (
				1EC638C52A6E78C500512524 /* RealmSwift in Frameworks */,
				1EC638982A5E8BEB00512524 /* SnapKit in Frameworks */,
			);
			runOnlyForDeploymentPostprocessing = 0;
		};
/* End PBXFrameworksBuildPhase section */

/* Begin PBXGroup section */
		1E9937AD2A87D71F0027663F /* Components */ = {
			isa = PBXGroup;
			children = (
				1E9937AE2A87D73A0027663F /* TagView.swift */,
			);
			path = Components;
			sourceTree = "<group>";
		};
		1EC638702A5DD3C100512524 = {
			isa = PBXGroup;
			children = (
				1EC6387B2A5DD3C100512524 /* MyDay */,
				1EC6387A2A5DD3C100512524 /* Products */,
			);
			sourceTree = "<group>";
		};
		1EC6387A2A5DD3C100512524 /* Products */ = {
			isa = PBXGroup;
			children = (
				1EC638792A5DD3C100512524 /* MyDay.app */,
			);
			name = Products;
			sourceTree = "<group>";
		};
		1EC6387B2A5DD3C100512524 /* MyDay */ = {
			isa = PBXGroup;
			children = (
				1EC638C02A6B03F300512524 /* Managers */,
				1EC638B12A63E84300512524 /* Extensions */,
				1EC638F32A750EC300512524 /* Models */,
				1EC638A42A63E44C00512524 /* ViewModels */,
				1EC6389B2A5EFBFA00512524 /* Layouts */,
				1EC638932A5DEC9900512524 /* Views */,
				1EC638902A5DD6BA00512524 /* ViewControllers */,
				1EC6387C2A5DD3C100512524 /* AppDelegate.swift */,
				1EC6387E2A5DD3C100512524 /* SceneDelegate.swift */,
				1EC638802A5DD3C100512524 /* ViewController.swift */,
				1EC638852A5DD3C200512524 /* Assets.xcassets */,
				1EC638872A5DD3C200512524 /* LaunchScreen.storyboard */,
				1EC6388A2A5DD3C200512524 /* Info.plist */,
			);
			path = MyDay;
			sourceTree = "<group>";
		};
		1EC638902A5DD6BA00512524 /* ViewControllers */ = {
			isa = PBXGroup;
			children = (
				1EC638912A5DE7AE00512524 /* CustomTabBarController.swift */,
				1EC638992A5E9B3E00512524 /* MainViewController.swift */,
				1EC638BA2A6A842800512524 /* AddScheduleItemViewController.swift */,
				1EC638D82A6EF43200512524 /* EditNotesItemViewController.swift */,
			);
			path = ViewControllers;
			sourceTree = "<group>";
		};
		1EC638932A5DEC9900512524 /* Views */ = {
			isa = PBXGroup;
			children = (
				1EC638EB2A7445F400512524 /* Common */,
				1EC638CC2A6E79E100512524 /* Sections */,
				1EC6389E2A5F10FE00512524 /* DatesCollectionView.swift */,
			);
			path = Views;
			sourceTree = "<group>";
		};
		1EC6389B2A5EFBFA00512524 /* Layouts */ = {
			isa = PBXGroup;
			children = (
			);
			path = Layouts;
			sourceTree = "<group>";
		};
		1EC638A42A63E44C00512524 /* ViewModels */ = {
			isa = PBXGroup;
			children = (
				1EC638BC2A6AA39E00512524 /* NotificationsViewModel.swift */,
				1EC638B42A63ED3400512524 /* MainViewModel.swift */,
				1EC638C62A6E78EE00512524 /* Sections */,
			);
			path = ViewModels;
			sourceTree = "<group>";
		};
		1EC638B12A63E84300512524 /* Extensions */ = {
			isa = PBXGroup;
			children = (
				1EC638B22A63E85B00512524 /* PropertyBinding.swift */,
				1E9937B02A87D8420027663F /* UIColor+Hex.swift */,
			);
			path = Extensions;
			sourceTree = "<group>";
		};
		1EC638C02A6B03F300512524 /* Managers */ = {
			isa = PBXGroup;
			children = (
				1EC638C12A6B040600512524 /* SectionsManager.swift */,
				1EC638D42A6E7E9800512524 /* SectionsRealmManager.swift */,
				1EC638E72A7134E000512524 /* SectionsFactory.swift */,
				1EC638E92A73A70A00512524 /* SectionRealmItemsUpdater.swift */,
				1EC638EC2A744B3800512524 /* SectionRealmItemsRemover.swift */,
			);
			path = Managers;
			sourceTree = "<group>";
		};
		1EC638C62A6E78EE00512524 /* Sections */ = {
			isa = PBXGroup;
			children = (
				1EC638C72A6E78F900512524 /* Base */,
				1EC638C82A6E790300512524 /* Schedule */,
				1EC638C92A6E790D00512524 /* Notes */,
				1EC638CA2A6E791600512524 /* Reminders */,
				1EC638CB2A6E791F00512524 /* Goals */,
			);
			path = Sections;
			sourceTree = "<group>";
		};
		1EC638C72A6E78F900512524 /* Base */ = {
			isa = PBXGroup;
			children = (
				1EC638A72A63E63500512524 /* SectionViewModel.swift */,
				1EC638A52A63E46B00512524 /* SectionsViewModel.swift */,
				1EC638D62A6E9A7100512524 /* SectionItemViewModel.swift */,
			);
			path = Base;
			sourceTree = "<group>";
		};
		1EC638C82A6E790300512524 /* Schedule */ = {
			isa = PBXGroup;
			children = (
				1EC638A92A63E65400512524 /* ScheduleSectionViewModel.swift */,
				1EC638CE2A6E7D5500512524 /* ScheduleItemViewModel.swift */,
				1EC638D02A6E7D7200512524 /* ScheduleSectionsManager.swift */,
				1EC638D22A6E7DB200512524 /* ScheduleItemRealmObject.swift */,
			);
			path = Schedule;
			sourceTree = "<group>";
		};
		1EC638C92A6E790D00512524 /* Notes */ = {
			isa = PBXGroup;
			children = (
				1EC638AB2A63E67300512524 /* NotesSectionViewModel.swift */,
				1EC638DA2A6EF64600512524 /* NotesItemViewModel.swift */,
				1EC638DC2A6EF66B00512524 /* NotesSectionsManager.swift */,
				1EC638E52A7120C500512524 /* NotesItemRealmObject.swift */,
			);
			path = Notes;
			sourceTree = "<group>";
		};
		1EC638CA2A6E791600512524 /* Reminders */ = {
			isa = PBXGroup;
			children = (
				1EC638AD2A63E69300512524 /* RemindersSectionViewModel.swift */,
			);
			path = Reminders;
			sourceTree = "<group>";
		};
		1EC638CB2A6E791F00512524 /* Goals */ = {
			isa = PBXGroup;
			children = (
				1EC638AF2A63E6B100512524 /* GoalsSectionViewModel.swift */,
			);
			path = Goals;
			sourceTree = "<group>";
		};
		1EC638CC2A6E79E100512524 /* Sections */ = {
			isa = PBXGroup;
			children = (
				1EC638A02A5F40E900512524 /* SectionButton.swift */,
				1EC638DE2A6EFA1100512524 /* Notes */,
				1EC638CD2A6E7A0100512524 /* Schedule */,
			);
			path = Sections;
			sourceTree = "<group>";
		};
		1EC638CD2A6E7A0100512524 /* Schedule */ = {
			isa = PBXGroup;
			children = (
				1EC638A22A6070B500512524 /* ScheduleCollectionViewCell.swift */,
				1EC638BE2A6AAE5B00512524 /* ScheduleItemTableViewCells.swift */,
				1E9937A72A7C23720027663F /* ScheduleCollectionViewCell+Drag.swift */,
				1E9937A92A87C44E0027663F /* ScheduleItemTableViewCell.swift */,
				1E9937AB2A87C4CF0027663F /* ModernScheduleItemTableViewCell.swift */,
			);
			path = Schedule;
			sourceTree = "<group>";
		};
		1EC638DE2A6EFA1100512524 /* Notes */ = {
			isa = PBXGroup;
			children = (
				1EC638B62A652E5000512524 /* NoteCollectionViewCell.swift */,
				1EC638DF2A6EFA5000512524 /* NotesItemTableViewCells.swift */,
				1EC638F62A7512A100512524 /* NoteCollectionView+Drag.swift */,
			);
			path = Notes;
			sourceTree = "<group>";
		};
		1EC638EB2A7445F400512524 /* Common */ = {
			isa = PBXGroup;
			children = (
				1E9937AD2A87D71F0027663F /* Components */,
				1EC638FA2A767EC300512524 /* InputTableViewCells */,
				1EC638EE2A750DA800512524 /* DeleteAreaView */,
			);
			path = Common;
			sourceTree = "<group>";
		};
		1EC638EE2A750DA800512524 /* DeleteAreaView */ = {
			isa = PBXGroup;
			children = (
				1EC638EF2A750DF700512524 /* DeleteAreaView.swift */,
				1EC638F12A750E1800512524 /* DeleteAreaView+Drop.swift */,
			);
			path = DeleteAreaView;
			sourceTree = "<group>";
		};
		1EC638F32A750EC300512524 /* Models */ = {
			isa = PBXGroup;
			children = (
				1EC639052A768F8400512524 /* DescriptionModel.swift */,
			);
			path = Models;
			sourceTree = "<group>";
		};
		1EC638FA2A767EC300512524 /* InputTableViewCells */ = {
			isa = PBXGroup;
			children = (
				1EC638FB2A767F0A00512524 /* InputTableViewCell.swift */,
				1EC638FD2A76820800512524 /* TitleInputTableViewCell.swift */,
				1EC638FF2A76827C00512524 /* TitleInputTableViewCell+TextField.swift */,
				1EC639012A76894F00512524 /* DescriptionInputTableViewCell.swift */,
				1EC639032A7689FD00512524 /* DescriptionInputTableViewCell+TextView.swift */,
			);
			path = InputTableViewCells;
			sourceTree = "<group>";
		};
/* End PBXGroup section */

/* Begin PBXNativeTarget section */
		1EC638782A5DD3C100512524 /* MyDay */ = {
			isa = PBXNativeTarget;
			buildConfigurationList = 1EC6388D2A5DD3C200512524 /* Build configuration list for PBXNativeTarget "MyDay" */;
			buildPhases = (
				1EC638752A5DD3C100512524 /* Sources */,
				1EC638762A5DD3C100512524 /* Frameworks */,
				1EC638772A5DD3C100512524 /* Resources */,
			);
			buildRules = (
			);
			dependencies = (
			);
			name = MyDay;
			packageProductDependencies = (
				1EC638972A5E8BEB00512524 /* SnapKit */,
				1EC638C42A6E78C500512524 /* RealmSwift */,
			);
			productName = MyDay;
			productReference = 1EC638792A5DD3C100512524 /* MyDay.app */;
			productType = "com.apple.product-type.application";
		};
/* End PBXNativeTarget section */

/* Begin PBXProject section */
		1EC638712A5DD3C100512524 /* Project object */ = {
			isa = PBXProject;
			attributes = {
				BuildIndependentTargetsInParallel = 1;
				LastSwiftUpdateCheck = 1430;
				LastUpgradeCheck = 1430;
				TargetAttributes = {
					1EC638782A5DD3C100512524 = {
						CreatedOnToolsVersion = 14.3.1;
					};
				};
			};
			buildConfigurationList = 1EC638742A5DD3C100512524 /* Build configuration list for PBXProject "MyDay" */;
			compatibilityVersion = "Xcode 14.0";
			developmentRegion = en;
			hasScannedForEncodings = 0;
			knownRegions = (
				en,
				Base,
			);
			mainGroup = 1EC638702A5DD3C100512524;
			packageReferences = (
				1EC638962A5E8BEB00512524 /* XCRemoteSwiftPackageReference "SnapKit" */,
				1EC638C32A6E78C500512524 /* XCRemoteSwiftPackageReference "realm-cocoa" */,
			);
			productRefGroup = 1EC6387A2A5DD3C100512524 /* Products */;
			projectDirPath = "";
			projectRoot = "";
			targets = (
				1EC638782A5DD3C100512524 /* MyDay */,
			);
		};
/* End PBXProject section */

/* Begin PBXResourcesBuildPhase section */
		1EC638772A5DD3C100512524 /* Resources */ = {
			isa = PBXResourcesBuildPhase;
			buildActionMask = 2147483647;
			files = (
				1EC638892A5DD3C200512524 /* LaunchScreen.storyboard in Resources */,
				1EC638862A5DD3C200512524 /* Assets.xcassets in Resources */,
			);
			runOnlyForDeploymentPostprocessing = 0;
		};
/* End PBXResourcesBuildPhase section */

/* Begin PBXSourcesBuildPhase section */
		1EC638752A5DD3C100512524 /* Sources */ = {
			isa = PBXSourcesBuildPhase;
			buildActionMask = 2147483647;
			files = (
				1EC638812A5DD3C100512524 /* ViewController.swift in Sources */,
				1E9937A82A7C23720027663F /* ScheduleCollectionViewCell+Drag.swift in Sources */,
				1EC638D52A6E7E9800512524 /* SectionsRealmManager.swift in Sources */,
				1EC6387D2A5DD3C100512524 /* AppDelegate.swift in Sources */,
				1EC638F72A7512A100512524 /* NoteCollectionView+Drag.swift in Sources */,
				1EC638DB2A6EF64600512524 /* NotesItemViewModel.swift in Sources */,
				1EC6389F2A5F10FE00512524 /* DatesCollectionView.swift in Sources */,
				1EC638BF2A6AAE5B00512524 /* ScheduleItemTableViewCells.swift in Sources */,
				1E9937AF2A87D73A0027663F /* TagView.swift in Sources */,
				1E9937B12A87D8420027663F /* UIColor+Hex.swift in Sources */,
				1EC638BB2A6A842800512524 /* AddScheduleItemViewController.swift in Sources */,
				1EC638F22A750E1800512524 /* DeleteAreaView+Drop.swift in Sources */,
				1EC638FC2A767F0A00512524 /* InputTableViewCell.swift in Sources */,
				1EC638E02A6EFA5000512524 /* NotesItemTableViewCells.swift in Sources */,
				1EC638922A5DE7AF00512524 /* CustomTabBarController.swift in Sources */,
				1EC638BD2A6AA39E00512524 /* NotificationsViewModel.swift in Sources */,
				1EC638C22A6B040600512524 /* SectionsManager.swift in Sources */,
				1EC638D12A6E7D7200512524 /* ScheduleSectionsManager.swift in Sources */,
				1EC639022A76894F00512524 /* DescriptionInputTableViewCell.swift in Sources */,
				1EC638A62A63E46B00512524 /* SectionsViewModel.swift in Sources */,
				1EC638E62A7120C500512524 /* NotesItemRealmObject.swift in Sources */,
				1EC639062A768F8400512524 /* DescriptionModel.swift in Sources */,
				1EC638B02A63E6B100512524 /* GoalsSectionViewModel.swift in Sources */,
				1EC6387F2A5DD3C100512524 /* SceneDelegate.swift in Sources */,
				1E9937AA2A87C44E0027663F /* ScheduleItemTableViewCell.swift in Sources */,
				1EC639002A76827C00512524 /* TitleInputTableViewCell+TextField.swift in Sources */,
				1EC638CF2A6E7D5500512524 /* ScheduleItemViewModel.swift in Sources */,
				1EC638DD2A6EF66B00512524 /* NotesSectionsManager.swift in Sources */,
				1EC638A32A6070B500512524 /* ScheduleCollectionViewCell.swift in Sources */,
				1EC638D72A6E9A7100512524 /* SectionItemViewModel.swift in Sources */,
				1E9937AC2A87C4CF0027663F /* ModernScheduleItemTableViewCell.swift in Sources */,
				1EC6389A2A5E9B3E00512524 /* MainViewController.swift in Sources */,
				1EC638AC2A63E67300512524 /* NotesSectionViewModel.swift in Sources */,
				1EC638D32A6E7DB200512524 /* ScheduleItemRealmObject.swift in Sources */,
				1EC638AA2A63E65400512524 /* ScheduleSectionViewModel.swift in Sources */,
				1EC638B32A63E85B00512524 /* PropertyBinding.swift in Sources */,
				1EC638FE2A76820800512524 /* TitleInputTableViewCell.swift in Sources */,
				1EC638ED2A744B3800512524 /* SectionRealmItemsRemover.swift in Sources */,
				1EC638AE2A63E69300512524 /* RemindersSectionViewModel.swift in Sources */,
				1EC638F02A750DF700512524 /* DeleteAreaView.swift in Sources */,
				1EC638A82A63E63500512524 /* SectionViewModel.swift in Sources */,
				1EC638A12A5F40E900512524 /* SectionButton.swift in Sources */,
				1EC638B72A652E5000512524 /* NoteCollectionViewCell.swift in Sources */,
				1EC638D92A6EF43200512524 /* EditNotesItemViewController.swift in Sources */,
				1EC638B52A63ED3400512524 /* MainViewModel.swift in Sources */,
				1EC639042A7689FD00512524 /* DescriptionInputTableViewCell+TextView.swift in Sources */,
				1EC638EA2A73A70A00512524 /* SectionRealmItemsUpdater.swift in Sources */,
				1EC638E82A7134E000512524 /* SectionsFactory.swift in Sources */,
			);
			runOnlyForDeploymentPostprocessing = 0;
		};
/* End PBXSourcesBuildPhase section */

/* Begin PBXVariantGroup section */
		1EC638872A5DD3C200512524 /* LaunchScreen.storyboard */ = {
			isa = PBXVariantGroup;
			children = (
				1EC638882A5DD3C200512524 /* Base */,
			);
			name = LaunchScreen.storyboard;
			sourceTree = "<group>";
		};
/* End PBXVariantGroup section */

/* Begin XCBuildConfiguration section */
		1EC6388B2A5DD3C200512524 /* Debug */ = {
			isa = XCBuildConfiguration;
			buildSettings = {
				ALWAYS_SEARCH_USER_PATHS = NO;
				CLANG_ANALYZER_NONNULL = YES;
				CLANG_ANALYZER_NUMBER_OBJECT_CONVERSION = YES_AGGRESSIVE;
				CLANG_CXX_LANGUAGE_STANDARD = "gnu++20";
				CLANG_ENABLE_MODULES = YES;
				CLANG_ENABLE_OBJC_ARC = YES;
				CLANG_ENABLE_OBJC_WEAK = YES;
				CLANG_WARN_BLOCK_CAPTURE_AUTORELEASING = YES;
				CLANG_WARN_BOOL_CONVERSION = YES;
				CLANG_WARN_COMMA = YES;
				CLANG_WARN_CONSTANT_CONVERSION = YES;
				CLANG_WARN_DEPRECATED_OBJC_IMPLEMENTATIONS = YES;
				CLANG_WARN_DIRECT_OBJC_ISA_USAGE = YES_ERROR;
				CLANG_WARN_DOCUMENTATION_COMMENTS = YES;
				CLANG_WARN_EMPTY_BODY = YES;
				CLANG_WARN_ENUM_CONVERSION = YES;
				CLANG_WARN_INFINITE_RECURSION = YES;
				CLANG_WARN_INT_CONVERSION = YES;
				CLANG_WARN_NON_LITERAL_NULL_CONVERSION = YES;
				CLANG_WARN_OBJC_IMPLICIT_RETAIN_SELF = YES;
				CLANG_WARN_OBJC_LITERAL_CONVERSION = YES;
				CLANG_WARN_OBJC_ROOT_CLASS = YES_ERROR;
				CLANG_WARN_QUOTED_INCLUDE_IN_FRAMEWORK_HEADER = YES;
				CLANG_WARN_RANGE_LOOP_ANALYSIS = YES;
				CLANG_WARN_STRICT_PROTOTYPES = YES;
				CLANG_WARN_SUSPICIOUS_MOVE = YES;
				CLANG_WARN_UNGUARDED_AVAILABILITY = YES_AGGRESSIVE;
				CLANG_WARN_UNREACHABLE_CODE = YES;
				CLANG_WARN__DUPLICATE_METHOD_MATCH = YES;
				COPY_PHASE_STRIP = NO;
				DEBUG_INFORMATION_FORMAT = dwarf;
				ENABLE_STRICT_OBJC_MSGSEND = YES;
				ENABLE_TESTABILITY = YES;
				GCC_C_LANGUAGE_STANDARD = gnu11;
				GCC_DYNAMIC_NO_PIC = NO;
				GCC_NO_COMMON_BLOCKS = YES;
				GCC_OPTIMIZATION_LEVEL = 0;
				GCC_PREPROCESSOR_DEFINITIONS = (
					"DEBUG=1",
					"$(inherited)",
				);
				GCC_WARN_64_TO_32_BIT_CONVERSION = YES;
				GCC_WARN_ABOUT_RETURN_TYPE = YES_ERROR;
				GCC_WARN_UNDECLARED_SELECTOR = YES;
				GCC_WARN_UNINITIALIZED_AUTOS = YES_AGGRESSIVE;
				GCC_WARN_UNUSED_FUNCTION = YES;
				GCC_WARN_UNUSED_VARIABLE = YES;
				IPHONEOS_DEPLOYMENT_TARGET = 16.4;
				MTL_ENABLE_DEBUG_INFO = INCLUDE_SOURCE;
				MTL_FAST_MATH = YES;
				ONLY_ACTIVE_ARCH = YES;
				SDKROOT = iphoneos;
				SWIFT_ACTIVE_COMPILATION_CONDITIONS = DEBUG;
				SWIFT_OPTIMIZATION_LEVEL = "-Onone";
			};
			name = Debug;
		};
		1EC6388C2A5DD3C200512524 /* Release */ = {
			isa = XCBuildConfiguration;
			buildSettings = {
				ALWAYS_SEARCH_USER_PATHS = NO;
				CLANG_ANALYZER_NONNULL = YES;
				CLANG_ANALYZER_NUMBER_OBJECT_CONVERSION = YES_AGGRESSIVE;
				CLANG_CXX_LANGUAGE_STANDARD = "gnu++20";
				CLANG_ENABLE_MODULES = YES;
				CLANG_ENABLE_OBJC_ARC = YES;
				CLANG_ENABLE_OBJC_WEAK = YES;
				CLANG_WARN_BLOCK_CAPTURE_AUTORELEASING = YES;
				CLANG_WARN_BOOL_CONVERSION = YES;
				CLANG_WARN_COMMA = YES;
				CLANG_WARN_CONSTANT_CONVERSION = YES;
				CLANG_WARN_DEPRECATED_OBJC_IMPLEMENTATIONS = YES;
				CLANG_WARN_DIRECT_OBJC_ISA_USAGE = YES_ERROR;
				CLANG_WARN_DOCUMENTATION_COMMENTS = YES;
				CLANG_WARN_EMPTY_BODY = YES;
				CLANG_WARN_ENUM_CONVERSION = YES;
				CLANG_WARN_INFINITE_RECURSION = YES;
				CLANG_WARN_INT_CONVERSION = YES;
				CLANG_WARN_NON_LITERAL_NULL_CONVERSION = YES;
				CLANG_WARN_OBJC_IMPLICIT_RETAIN_SELF = YES;
				CLANG_WARN_OBJC_LITERAL_CONVERSION = YES;
				CLANG_WARN_OBJC_ROOT_CLASS = YES_ERROR;
				CLANG_WARN_QUOTED_INCLUDE_IN_FRAMEWORK_HEADER = YES;
				CLANG_WARN_RANGE_LOOP_ANALYSIS = YES;
				CLANG_WARN_STRICT_PROTOTYPES = YES;
				CLANG_WARN_SUSPICIOUS_MOVE = YES;
				CLANG_WARN_UNGUARDED_AVAILABILITY = YES_AGGRESSIVE;
				CLANG_WARN_UNREACHABLE_CODE = YES;
				CLANG_WARN__DUPLICATE_METHOD_MATCH = YES;
				COPY_PHASE_STRIP = NO;
				DEBUG_INFORMATION_FORMAT = "dwarf-with-dsym";
				ENABLE_NS_ASSERTIONS = NO;
				ENABLE_STRICT_OBJC_MSGSEND = YES;
				GCC_C_LANGUAGE_STANDARD = gnu11;
				GCC_NO_COMMON_BLOCKS = YES;
				GCC_WARN_64_TO_32_BIT_CONVERSION = YES;
				GCC_WARN_ABOUT_RETURN_TYPE = YES_ERROR;
				GCC_WARN_UNDECLARED_SELECTOR = YES;
				GCC_WARN_UNINITIALIZED_AUTOS = YES_AGGRESSIVE;
				GCC_WARN_UNUSED_FUNCTION = YES;
				GCC_WARN_UNUSED_VARIABLE = YES;
				IPHONEOS_DEPLOYMENT_TARGET = 16.4;
				MTL_ENABLE_DEBUG_INFO = NO;
				MTL_FAST_MATH = YES;
				SDKROOT = iphoneos;
				SWIFT_COMPILATION_MODE = wholemodule;
				SWIFT_OPTIMIZATION_LEVEL = "-O";
				VALIDATE_PRODUCT = YES;
			};
			name = Release;
		};
		1EC6388E2A5DD3C200512524 /* Debug */ = {
			isa = XCBuildConfiguration;
			buildSettings = {
				ASSETCATALOG_COMPILER_APPICON_NAME = AppIcon;
				ASSETCATALOG_COMPILER_GLOBAL_ACCENT_COLOR_NAME = AccentColor;
				CODE_SIGN_STYLE = Automatic;
				CURRENT_PROJECT_VERSION = 1;
				DEVELOPMENT_TEAM = DW33L832VN;
				GENERATE_INFOPLIST_FILE = YES;
				INFOPLIST_FILE = MyDay/Info.plist;
				INFOPLIST_KEY_UIApplicationSupportsIndirectInputEvents = YES;
				INFOPLIST_KEY_UILaunchStoryboardName = LaunchScreen;
				INFOPLIST_KEY_UISupportedInterfaceOrientations_iPad = "UIInterfaceOrientationPortrait UIInterfaceOrientationPortraitUpsideDown UIInterfaceOrientationLandscapeLeft UIInterfaceOrientationLandscapeRight";
				INFOPLIST_KEY_UISupportedInterfaceOrientations_iPhone = "UIInterfaceOrientationPortrait UIInterfaceOrientationLandscapeLeft UIInterfaceOrientationLandscapeRight";
				IPHONEOS_DEPLOYMENT_TARGET = 15.0;
				LD_RUNPATH_SEARCH_PATHS = (
					"$(inherited)",
					"@executable_path/Frameworks",
				);
				MARKETING_VERSION = 1.0;
				PRODUCT_BUNDLE_IDENTIFIER = SupremacyApps.MyDay;
				PRODUCT_NAME = "$(TARGET_NAME)";
				SWIFT_EMIT_LOC_STRINGS = YES;
				SWIFT_VERSION = 5.0;
				TARGETED_DEVICE_FAMILY = "1,2";
			};
			name = Debug;
		};
		1EC6388F2A5DD3C200512524 /* Release */ = {
			isa = XCBuildConfiguration;
			buildSettings = {
				ASSETCATALOG_COMPILER_APPICON_NAME = AppIcon;
				ASSETCATALOG_COMPILER_GLOBAL_ACCENT_COLOR_NAME = AccentColor;
				CODE_SIGN_STYLE = Automatic;
				CURRENT_PROJECT_VERSION = 1;
				DEVELOPMENT_TEAM = DW33L832VN;
				GENERATE_INFOPLIST_FILE = YES;
				INFOPLIST_FILE = MyDay/Info.plist;
				INFOPLIST_KEY_UIApplicationSupportsIndirectInputEvents = YES;
				INFOPLIST_KEY_UILaunchStoryboardName = LaunchScreen;
				INFOPLIST_KEY_UISupportedInterfaceOrientations_iPad = "UIInterfaceOrientationPortrait UIInterfaceOrientationPortraitUpsideDown UIInterfaceOrientationLandscapeLeft UIInterfaceOrientationLandscapeRight";
				INFOPLIST_KEY_UISupportedInterfaceOrientations_iPhone = "UIInterfaceOrientationPortrait UIInterfaceOrientationLandscapeLeft UIInterfaceOrientationLandscapeRight";
				IPHONEOS_DEPLOYMENT_TARGET = 15.0;
				LD_RUNPATH_SEARCH_PATHS = (
					"$(inherited)",
					"@executable_path/Frameworks",
				);
				MARKETING_VERSION = 1.0;
				PRODUCT_BUNDLE_IDENTIFIER = SupremacyApps.MyDay;
				PRODUCT_NAME = "$(TARGET_NAME)";
				SWIFT_EMIT_LOC_STRINGS = YES;
				SWIFT_VERSION = 5.0;
				TARGETED_DEVICE_FAMILY = "1,2";
			};
			name = Release;
		};
/* End XCBuildConfiguration section */

/* Begin XCConfigurationList section */
		1EC638742A5DD3C100512524 /* Build configuration list for PBXProject "MyDay" */ = {
			isa = XCConfigurationList;
			buildConfigurations = (
				1EC6388B2A5DD3C200512524 /* Debug */,
				1EC6388C2A5DD3C200512524 /* Release */,
			);
			defaultConfigurationIsVisible = 0;
			defaultConfigurationName = Release;
		};
		1EC6388D2A5DD3C200512524 /* Build configuration list for PBXNativeTarget "MyDay" */ = {
			isa = XCConfigurationList;
			buildConfigurations = (
				1EC6388E2A5DD3C200512524 /* Debug */,
				1EC6388F2A5DD3C200512524 /* Release */,
			);
			defaultConfigurationIsVisible = 0;
			defaultConfigurationName = Release;
		};
/* End XCConfigurationList section */

/* Begin XCRemoteSwiftPackageReference section */
		1EC638962A5E8BEB00512524 /* XCRemoteSwiftPackageReference "SnapKit" */ = {
			isa = XCRemoteSwiftPackageReference;
			repositoryURL = "https://github.com/SnapKit/SnapKit.git";
			requirement = {
				kind = upToNextMajorVersion;
				minimumVersion = 5.0.0;
			};
		};
		1EC638C32A6E78C500512524 /* XCRemoteSwiftPackageReference "realm-cocoa" */ = {
			isa = XCRemoteSwiftPackageReference;
			repositoryURL = "https://github.com/realm/realm-cocoa.git";
			requirement = {
				branch = master;
				kind = branch;
			};
		};
/* End XCRemoteSwiftPackageReference section */

/* Begin XCSwiftPackageProductDependency section */
		1EC638972A5E8BEB00512524 /* SnapKit */ = {
			isa = XCSwiftPackageProductDependency;
			package = 1EC638962A5E8BEB00512524 /* XCRemoteSwiftPackageReference "SnapKit" */;
			productName = SnapKit;
		};
		1EC638C42A6E78C500512524 /* RealmSwift */ = {
			isa = XCSwiftPackageProductDependency;
			package = 1EC638C32A6E78C500512524 /* XCRemoteSwiftPackageReference "realm-cocoa" */;
			productName = RealmSwift;
		};
/* End XCSwiftPackageProductDependency section */
	};
	rootObject = 1EC638712A5DD3C100512524 /* Project object */;
}
