// !$*UTF8*$!
{
	archiveVersion = 1;
	classes = {
	};
	objectVersion = 56;
	objects = {

/* Begin PBXBuildFile section */
		1EC6387D2A5DD3C100512524 /* AppDelegate.swift in Sources */ = {isa = PBXBuildFile; fileRef = 1EC6387C2A5DD3C100512524 /* AppDelegate.swift */; };
		1EC6387F2A5DD3C100512524 /* SceneDelegate.swift in Sources */ = {isa = PBXBuildFile; fileRef = 1EC6387E2A5DD3C100512524 /* SceneDelegate.swift */; };
		1EC638812A5DD3C100512524 /* ViewController.swift in Sources */ = {isa = PBXBuildFile; fileRef = 1EC638802A5DD3C100512524 /* ViewController.swift */; };
		1EC638862A5DD3C200512524 /* Assets.xcassets in Resources */ = {isa = PBXBuildFile; fileRef = 1EC638852A5DD3C200512524 /* Assets.xcassets */; };
		1EC638892A5DD3C200512524 /* LaunchScreen.storyboard in Resources */ = {isa = PBXBuildFile; fileRef = 1EC638872A5DD3C200512524 /* LaunchScreen.storyboard */; };
		1EC638922A5DE7AF00512524 /* CustomTabBarController.swift in Sources */ = {isa = PBXBuildFile; fileRef = 1EC638912A5DE7AE00512524 /* CustomTabBarController.swift */; };
		1EC638982A5E8BEB00512524 /* SnapKit in Frameworks */ = {isa = PBXBuildFile; productRef = 1EC638972A5E8BEB00512524 /* SnapKit */; };
		1EC6389A2A5E9B3E00512524 /* MainViewController.swift in Sources */ = {isa = PBXBuildFile; fileRef = 1EC638992A5E9B3E00512524 /* MainViewController.swift */; };
		1EC6389F2A5F10FE00512524 /* DatesCollectionView.swift in Sources */ = {isa = PBXBuildFile; fileRef = 1EC6389E2A5F10FE00512524 /* DatesCollectionView.swift */; };
		1EC638A12A5F40E900512524 /* SectionButton.swift in Sources */ = {isa = PBXBuildFile; fileRef = 1EC638A02A5F40E900512524 /* SectionButton.swift */; };
		1EC638A32A6070B500512524 /* ScheduleCollectionViewCell.swift in Sources */ = {isa = PBXBuildFile; fileRef = 1EC638A22A6070B500512524 /* ScheduleCollectionViewCell.swift */; };
		1EC638A62A63E46B00512524 /* SectionsViewModel.swift in Sources */ = {isa = PBXBuildFile; fileRef = 1EC638A52A63E46B00512524 /* SectionsViewModel.swift */; };
		1EC638A82A63E63500512524 /* SectionViewModel.swift in Sources */ = {isa = PBXBuildFile; fileRef = 1EC638A72A63E63500512524 /* SectionViewModel.swift */; };
		1EC638AA2A63E65400512524 /* ScheduleSectionViewModel.swift in Sources */ = {isa = PBXBuildFile; fileRef = 1EC638A92A63E65400512524 /* ScheduleSectionViewModel.swift */; };
		1EC638AC2A63E67300512524 /* NotesSectionViewModel.swift in Sources */ = {isa = PBXBuildFile; fileRef = 1EC638AB2A63E67300512524 /* NotesSectionViewModel.swift */; };
		1EC638AE2A63E69300512524 /* RemindersSectionViewModel.swift in Sources */ = {isa = PBXBuildFile; fileRef = 1EC638AD2A63E69300512524 /* RemindersSectionViewModel.swift */; };
		1EC638B02A63E6B100512524 /* GoalsSectionViewModel.swift in Sources */ = {isa = PBXBuildFile; fileRef = 1EC638AF2A63E6B100512524 /* GoalsSectionViewModel.swift */; };
		1EC638B32A63E85B00512524 /* PropertyBinding.swift in Sources */ = {isa = PBXBuildFile; fileRef = 1EC638B22A63E85B00512524 /* PropertyBinding.swift */; };
		1EC638B52A63ED3400512524 /* MainViewModel.swift in Sources */ = {isa = PBXBuildFile; fileRef = 1EC638B42A63ED3400512524 /* MainViewModel.swift */; };
/* End PBXBuildFile section */

/* Begin PBXFileReference section */
		1EC638792A5DD3C100512524 /* MyDay.app */ = {isa = PBXFileReference; explicitFileType = wrapper.application; includeInIndex = 0; path = MyDay.app; sourceTree = BUILT_PRODUCTS_DIR; };
		1EC6387C2A5DD3C100512524 /* AppDelegate.swift */ = {isa = PBXFileReference; lastKnownFileType = sourcecode.swift; path = AppDelegate.swift; sourceTree = "<group>"; };
		1EC6387E2A5DD3C100512524 /* SceneDelegate.swift */ = {isa = PBXFileReference; lastKnownFileType = sourcecode.swift; path = SceneDelegate.swift; sourceTree = "<group>"; };
		1EC638802A5DD3C100512524 /* ViewController.swift */ = {isa = PBXFileReference; lastKnownFileType = sourcecode.swift; path = ViewController.swift; sourceTree = "<group>"; };
		1EC638852A5DD3C200512524 /* Assets.xcassets */ = {isa = PBXFileReference; lastKnownFileType = folder.assetcatalog; path = Assets.xcassets; sourceTree = "<group>"; };
		1EC638882A5DD3C200512524 /* Base */ = {isa = PBXFileReference; lastKnownFileType = file.storyboard; name = Base; path = Base.lproj/LaunchScreen.storyboard; sourceTree = "<group>"; };
		1EC6388A2A5DD3C200512524 /* Info.plist */ = {isa = PBXFileReference; lastKnownFileType = text.plist.xml; path = Info.plist; sourceTree = "<group>"; };
		1EC638912A5DE7AE00512524 /* CustomTabBarController.swift */ = {isa = PBXFileReference; lastKnownFileType = sourcecode.swift; path = CustomTabBarController.swift; sourceTree = "<group>"; };
		1EC638992A5E9B3E00512524 /* MainViewController.swift */ = {isa = PBXFileReference; lastKnownFileType = sourcecode.swift; path = MainViewController.swift; sourceTree = "<group>"; };
		1EC6389E2A5F10FE00512524 /* DatesCollectionView.swift */ = {isa = PBXFileReference; lastKnownFileType = sourcecode.swift; path = DatesCollectionView.swift; sourceTree = "<group>"; };
		1EC638A02A5F40E900512524 /* SectionButton.swift */ = {isa = PBXFileReference; lastKnownFileType = sourcecode.swift; path = SectionButton.swift; sourceTree = "<group>"; };
		1EC638A22A6070B500512524 /* ScheduleCollectionViewCell.swift */ = {isa = PBXFileReference; lastKnownFileType = sourcecode.swift; path = ScheduleCollectionViewCell.swift; sourceTree = "<group>"; };
		1EC638A52A63E46B00512524 /* SectionsViewModel.swift */ = {isa = PBXFileReference; lastKnownFileType = sourcecode.swift; path = SectionsViewModel.swift; sourceTree = "<group>"; };
		1EC638A72A63E63500512524 /* SectionViewModel.swift */ = {isa = PBXFileReference; lastKnownFileType = sourcecode.swift; path = SectionViewModel.swift; sourceTree = "<group>"; };
		1EC638A92A63E65400512524 /* ScheduleSectionViewModel.swift */ = {isa = PBXFileReference; lastKnownFileType = sourcecode.swift; path = ScheduleSectionViewModel.swift; sourceTree = "<group>"; };
		1EC638AB2A63E67300512524 /* NotesSectionViewModel.swift */ = {isa = PBXFileReference; lastKnownFileType = sourcecode.swift; path = NotesSectionViewModel.swift; sourceTree = "<group>"; };
		1EC638AD2A63E69300512524 /* RemindersSectionViewModel.swift */ = {isa = PBXFileReference; lastKnownFileType = sourcecode.swift; path = RemindersSectionViewModel.swift; sourceTree = "<group>"; };
		1EC638AF2A63E6B100512524 /* GoalsSectionViewModel.swift */ = {isa = PBXFileReference; lastKnownFileType = sourcecode.swift; path = GoalsSectionViewModel.swift; sourceTree = "<group>"; };
		1EC638B22A63E85B00512524 /* PropertyBinding.swift */ = {isa = PBXFileReference; lastKnownFileType = sourcecode.swift; path = PropertyBinding.swift; sourceTree = "<group>"; };
		1EC638B42A63ED3400512524 /* MainViewModel.swift */ = {isa = PBXFileReference; lastKnownFileType = sourcecode.swift; path = MainViewModel.swift; sourceTree = "<group>"; };
/* End PBXFileReference section */

/* Begin PBXFrameworksBuildPhase section */
		1EC638762A5DD3C100512524 /* Frameworks */ = {
			isa = PBXFrameworksBuildPhase;
			buildActionMask = 2147483647;
			files = (
				1EC638982A5E8BEB00512524 /* SnapKit in Frameworks */,
			);
			runOnlyForDeploymentPostprocessing = 0;
		};
/* End PBXFrameworksBuildPhase section */

/* Begin PBXGroup section */
		1EC638702A5DD3C100512524 = {
			isa = PBXGroup;
			children = (
				1EC6387B2A5DD3C100512524 /* MyDay */,
				1EC6387A2A5DD3C100512524 /* Products */,
			);
			sourceTree = "<group>";
		};
		1EC6387A2A5DD3C100512524 /* Products */ = {
			isa = PBXGroup;
			children = (
				1EC638792A5DD3C100512524 /* MyDay.app */,
			);
			name = Products;
			sourceTree = "<group>";
		};
		1EC6387B2A5DD3C100512524 /* MyDay */ = {
			isa = PBXGroup;
			children = (
				1EC638B12A63E84300512524 /* Extensions */,
				1EC638A42A63E44C00512524 /* ViewModels */,
				1EC6389B2A5EFBFA00512524 /* Layouts */,
				1EC638932A5DEC9900512524 /* Views */,
				1EC638902A5DD6BA00512524 /* ViewControllers */,
				1EC6387C2A5DD3C100512524 /* AppDelegate.swift */,
				1EC6387E2A5DD3C100512524 /* SceneDelegate.swift */,
				1EC638802A5DD3C100512524 /* ViewController.swift */,
				1EC638852A5DD3C200512524 /* Assets.xcassets */,
				1EC638872A5DD3C200512524 /* LaunchScreen.storyboard */,
				1EC6388A2A5DD3C200512524 /* Info.plist */,
			);
			path = MyDay;
			sourceTree = "<group>";
		};
		1EC638902A5DD6BA00512524 /* ViewControllers */ = {
			isa = PBXGroup;
			children = (
				1EC638912A5DE7AE00512524 /* CustomTabBarController.swift */,
				1EC638992A5E9B3E00512524 /* MainViewController.swift */,
			);
			path = ViewControllers;
			sourceTree = "<group>";
		};
		1EC638932A5DEC9900512524 /* Views */ = {
			isa = PBXGroup;
			children = (
				1EC6389E2A5F10FE00512524 /* DatesCollectionView.swift */,
				1EC638A02A5F40E900512524 /* SectionButton.swift */,
				1EC638A22A6070B500512524 /* ScheduleCollectionViewCell.swift */,
			);
			path = Views;
			sourceTree = "<group>";
		};
		1EC6389B2A5EFBFA00512524 /* Layouts */ = {
			isa = PBXGroup;
			children = (
			);
			path = Layouts;
			sourceTree = "<group>";
		};
		1EC638A42A63E44C00512524 /* ViewModels */ = {
			isa = PBXGroup;
			children = (
				1EC638A52A63E46B00512524 /* SectionsViewModel.swift */,
				1EC638A72A63E63500512524 /* SectionViewModel.swift */,
				1EC638A92A63E65400512524 /* ScheduleSectionViewModel.swift */,
				1EC638AB2A63E67300512524 /* NotesSectionViewModel.swift */,
				1EC638AD2A63E69300512524 /* RemindersSectionViewModel.swift */,
				1EC638AF2A63E6B100512524 /* GoalsSectionViewModel.swift */,
				1EC638B42A63ED3400512524 /* MainViewModel.swift */,
			);
			path = ViewModels;
			sourceTree = "<group>";
		};
		1EC638B12A63E84300512524 /* Extensions */ = {
			isa = PBXGroup;
			children = (
				1EC638B22A63E85B00512524 /* PropertyBinding.swift */,
			);
			path = Extensions;
			sourceTree = "<group>";
		};
/* End PBXGroup section */

/* Begin PBXNativeTarget section */
		1EC638782A5DD3C100512524 /* MyDay */ = {
			isa = PBXNativeTarget;
			buildConfigurationList = 1EC6388D2A5DD3C200512524 /* Build configuration list for PBXNativeTarget "MyDay" */;
			buildPhases = (
				1EC638752A5DD3C100512524 /* Sources */,
				1EC638762A5DD3C100512524 /* Frameworks */,
				1EC638772A5DD3C100512524 /* Resources */,
			);
			buildRules = (
			);
			dependencies = (
			);
			name = MyDay;
			packageProductDependencies = (
				1EC638972A5E8BEB00512524 /* SnapKit */,
			);
			productName = MyDay;
			productReference = 1EC638792A5DD3C100512524 /* MyDay.app */;
			productType = "com.apple.product-type.application";
		};
/* End PBXNativeTarget section */

/* Begin PBXProject section */
		1EC638712A5DD3C100512524 /* Project object */ = {
			isa = PBXProject;
			attributes = {
				BuildIndependentTargetsInParallel = 1;
				LastSwiftUpdateCheck = 1430;
				LastUpgradeCheck = 1430;
				TargetAttributes = {
					1EC638782A5DD3C100512524 = {
						CreatedOnToolsVersion = 14.3.1;
					};
				};
			};
			buildConfigurationList = 1EC638742A5DD3C100512524 /* Build configuration list for PBXProject "MyDay" */;
			compatibilityVersion = "Xcode 14.0";
			developmentRegion = en;
			hasScannedForEncodings = 0;
			knownRegions = (
				en,
				Base,
			);
			mainGroup = 1EC638702A5DD3C100512524;
			packageReferences = (
				1EC638962A5E8BEB00512524 /* XCRemoteSwiftPackageReference "SnapKit" */,
			);
			productRefGroup = 1EC6387A2A5DD3C100512524 /* Products */;
			projectDirPath = "";
			projectRoot = "";
			targets = (
				1EC638782A5DD3C100512524 /* MyDay */,
			);
		};
/* End PBXProject section */

/* Begin PBXResourcesBuildPhase section */
		1EC638772A5DD3C100512524 /* Resources */ = {
			isa = PBXResourcesBuildPhase;
			buildActionMask = 2147483647;
			files = (
				1EC638892A5DD3C200512524 /* LaunchScreen.storyboard in Resources */,
				1EC638862A5DD3C200512524 /* Assets.xcassets in Resources */,
			);
			runOnlyForDeploymentPostprocessing = 0;
		};
/* End PBXResourcesBuildPhase section */

/* Begin PBXSourcesBuildPhase section */
		1EC638752A5DD3C100512524 /* Sources */ = {
			isa = PBXSourcesBuildPhase;
			buildActionMask = 2147483647;
			files = (
				1EC638812A5DD3C100512524 /* ViewController.swift in Sources */,
				1EC6387D2A5DD3C100512524 /* AppDelegate.swift in Sources */,
				1EC6389F2A5F10FE00512524 /* DatesCollectionView.swift in Sources */,
				1EC638922A5DE7AF00512524 /* CustomTabBarController.swift in Sources */,
				1EC638A62A63E46B00512524 /* SectionsViewModel.swift in Sources */,
				1EC638B02A63E6B100512524 /* GoalsSectionViewModel.swift in Sources */,
				1EC6387F2A5DD3C100512524 /* SceneDelegate.swift in Sources */,
				1EC638A32A6070B500512524 /* ScheduleCollectionViewCell.swift in Sources */,
				1EC6389A2A5E9B3E00512524 /* MainViewController.swift in Sources */,
				1EC638AC2A63E67300512524 /* NotesSectionViewModel.swift in Sources */,
				1EC638AA2A63E65400512524 /* ScheduleSectionViewModel.swift in Sources */,
				1EC638B32A63E85B00512524 /* PropertyBinding.swift in Sources */,
				1EC638AE2A63E69300512524 /* RemindersSectionViewModel.swift in Sources */,
				1EC638A82A63E63500512524 /* SectionViewModel.swift in Sources */,
				1EC638A12A5F40E900512524 /* SectionButton.swift in Sources */,
				1EC638B52A63ED3400512524 /* MainViewModel.swift in Sources */,
			);
			runOnlyForDeploymentPostprocessing = 0;
		};
/* End PBXSourcesBuildPhase section */

/* Begin PBXVariantGroup section */
		1EC638872A5DD3C200512524 /* LaunchScreen.storyboard */ = {
			isa = PBXVariantGroup;
			children = (
				1EC638882A5DD3C200512524 /* Base */,
			);
			name = LaunchScreen.storyboard;
			sourceTree = "<group>";
		};
/* End PBXVariantGroup section */

/* Begin XCBuildConfiguration section */
		1EC6388B2A5DD3C200512524 /* Debug */ = {
			isa = XCBuildConfiguration;
			buildSettings = {
				ALWAYS_SEARCH_USER_PATHS = NO;
				CLANG_ANALYZER_NONNULL = YES;
				CLANG_ANALYZER_NUMBER_OBJECT_CONVERSION = YES_AGGRESSIVE;
				CLANG_CXX_LANGUAGE_STANDARD = "gnu++20";
				CLANG_ENABLE_MODULES = YES;
				CLANG_ENABLE_OBJC_ARC = YES;
				CLANG_ENABLE_OBJC_WEAK = YES;
				CLANG_WARN_BLOCK_CAPTURE_AUTORELEASING = YES;
				CLANG_WARN_BOOL_CONVERSION = YES;
				CLANG_WARN_COMMA = YES;
				CLANG_WARN_CONSTANT_CONVERSION = YES;
				CLANG_WARN_DEPRECATED_OBJC_IMPLEMENTATIONS = YES;
				CLANG_WARN_DIRECT_OBJC_ISA_USAGE = YES_ERROR;
				CLANG_WARN_DOCUMENTATION_COMMENTS = YES;
				CLANG_WARN_EMPTY_BODY = YES;
				CLANG_WARN_ENUM_CONVERSION = YES;
				CLANG_WARN_INFINITE_RECURSION = YES;
				CLANG_WARN_INT_CONVERSION = YES;
				CLANG_WARN_NON_LITERAL_NULL_CONVERSION = YES;
				CLANG_WARN_OBJC_IMPLICIT_RETAIN_SELF = YES;
				CLANG_WARN_OBJC_LITERAL_CONVERSION = YES;
				CLANG_WARN_OBJC_ROOT_CLASS = YES_ERROR;
				CLANG_WARN_QUOTED_INCLUDE_IN_FRAMEWORK_HEADER = YES;
				CLANG_WARN_RANGE_LOOP_ANALYSIS = YES;
				CLANG_WARN_STRICT_PROTOTYPES = YES;
				CLANG_WARN_SUSPICIOUS_MOVE = YES;
				CLANG_WARN_UNGUARDED_AVAILABILITY = YES_AGGRESSIVE;
				CLANG_WARN_UNREACHABLE_CODE = YES;
				CLANG_WARN__DUPLICATE_METHOD_MATCH = YES;
				COPY_PHASE_STRIP = NO;
				DEBUG_INFORMATION_FORMAT = dwarf;
				ENABLE_STRICT_OBJC_MSGSEND = YES;
				ENABLE_TESTABILITY = YES;
				GCC_C_LANGUAGE_STANDARD = gnu11;
				GCC_DYNAMIC_NO_PIC = NO;
				GCC_NO_COMMON_BLOCKS = YES;
				GCC_OPTIMIZATION_LEVEL = 0;
				GCC_PREPROCESSOR_DEFINITIONS = (
					"DEBUG=1",
					"$(inherited)",
				);
				GCC_WARN_64_TO_32_BIT_CONVERSION = YES;
				GCC_WARN_ABOUT_RETURN_TYPE = YES_ERROR;
				GCC_WARN_UNDECLARED_SELECTOR = YES;
				GCC_WARN_UNINITIALIZED_AUTOS = YES_AGGRESSIVE;
				GCC_WARN_UNUSED_FUNCTION = YES;
				GCC_WARN_UNUSED_VARIABLE = YES;
				IPHONEOS_DEPLOYMENT_TARGET = 16.4;
				MTL_ENABLE_DEBUG_INFO = INCLUDE_SOURCE;
				MTL_FAST_MATH = YES;
				ONLY_ACTIVE_ARCH = YES;
				SDKROOT = iphoneos;
				SWIFT_ACTIVE_COMPILATION_CONDITIONS = DEBUG;
				SWIFT_OPTIMIZATION_LEVEL = "-Onone";
			};
			name = Debug;
		};
		1EC6388C2A5DD3C200512524 /* Release */ = {
			isa = XCBuildConfiguration;
			buildSettings = {
				ALWAYS_SEARCH_USER_PATHS = NO;
				CLANG_ANALYZER_NONNULL = YES;
				CLANG_ANALYZER_NUMBER_OBJECT_CONVERSION = YES_AGGRESSIVE;
				CLANG_CXX_LANGUAGE_STANDARD = "gnu++20";
				CLANG_ENABLE_MODULES = YES;
				CLANG_ENABLE_OBJC_ARC = YES;
				CLANG_ENABLE_OBJC_WEAK = YES;
				CLANG_WARN_BLOCK_CAPTURE_AUTORELEASING = YES;
				CLANG_WARN_BOOL_CONVERSION = YES;
				CLANG_WARN_COMMA = YES;
				CLANG_WARN_CONSTANT_CONVERSION = YES;
				CLANG_WARN_DEPRECATED_OBJC_IMPLEMENTATIONS = YES;
				CLANG_WARN_DIRECT_OBJC_ISA_USAGE = YES_ERROR;
				CLANG_WARN_DOCUMENTATION_COMMENTS = YES;
				CLANG_WARN_EMPTY_BODY = YES;
				CLANG_WARN_ENUM_CONVERSION = YES;
				CLANG_WARN_INFINITE_RECURSION = YES;
				CLANG_WARN_INT_CONVERSION = YES;
				CLANG_WARN_NON_LITERAL_NULL_CONVERSION = YES;
				CLANG_WARN_OBJC_IMPLICIT_RETAIN_SELF = YES;
				CLANG_WARN_OBJC_LITERAL_CONVERSION = YES;
				CLANG_WARN_OBJC_ROOT_CLASS = YES_ERROR;
				CLANG_WARN_QUOTED_INCLUDE_IN_FRAMEWORK_HEADER = YES;
				CLANG_WARN_RANGE_LOOP_ANALYSIS = YES;
				CLANG_WARN_STRICT_PROTOTYPES = YES;
				CLANG_WARN_SUSPICIOUS_MOVE = YES;
				CLANG_WARN_UNGUARDED_AVAILABILITY = YES_AGGRESSIVE;
				CLANG_WARN_UNREACHABLE_CODE = YES;
				CLANG_WARN__DUPLICATE_METHOD_MATCH = YES;
				COPY_PHASE_STRIP = NO;
				DEBUG_INFORMATION_FORMAT = "dwarf-with-dsym";
				ENABLE_NS_ASSERTIONS = NO;
				ENABLE_STRICT_OBJC_MSGSEND = YES;
				GCC_C_LANGUAGE_STANDARD = gnu11;
				GCC_NO_COMMON_BLOCKS = YES;
				GCC_WARN_64_TO_32_BIT_CONVERSION = YES;
				GCC_WARN_ABOUT_RETURN_TYPE = YES_ERROR;
				GCC_WARN_UNDECLARED_SELECTOR = YES;
				GCC_WARN_UNINITIALIZED_AUTOS = YES_AGGRESSIVE;
				GCC_WARN_UNUSED_FUNCTION = YES;
				GCC_WARN_UNUSED_VARIABLE = YES;
				IPHONEOS_DEPLOYMENT_TARGET = 16.4;
				MTL_ENABLE_DEBUG_INFO = NO;
				MTL_FAST_MATH = YES;
				SDKROOT = iphoneos;
				SWIFT_COMPILATION_MODE = wholemodule;
				SWIFT_OPTIMIZATION_LEVEL = "-O";
				VALIDATE_PRODUCT = YES;
			};
			name = Release;
		};
		1EC6388E2A5DD3C200512524 /* Debug */ = {
			isa = XCBuildConfiguration;
			buildSettings = {
				ASSETCATALOG_COMPILER_APPICON_NAME = AppIcon;
				ASSETCATALOG_COMPILER_GLOBAL_ACCENT_COLOR_NAME = AccentColor;
				CODE_SIGN_STYLE = Automatic;
				CURRENT_PROJECT_VERSION = 1;
				DEVELOPMENT_TEAM = DW33L832VN;
				GENERATE_INFOPLIST_FILE = YES;
				INFOPLIST_FILE = MyDay/Info.plist;
				INFOPLIST_KEY_UIApplicationSupportsIndirectInputEvents = YES;
				INFOPLIST_KEY_UILaunchStoryboardName = LaunchScreen;
				INFOPLIST_KEY_UISupportedInterfaceOrientations_iPad = "UIInterfaceOrientationPortrait UIInterfaceOrientationPortraitUpsideDown UIInterfaceOrientationLandscapeLeft UIInterfaceOrientationLandscapeRight";
				INFOPLIST_KEY_UISupportedInterfaceOrientations_iPhone = "UIInterfaceOrientationPortrait UIInterfaceOrientationLandscapeLeft UIInterfaceOrientationLandscapeRight";
				IPHONEOS_DEPLOYMENT_TARGET = 15.0;
				LD_RUNPATH_SEARCH_PATHS = (
					"$(inherited)",
					"@executable_path/Frameworks",
				);
				MARKETING_VERSION = 1.0;
				PRODUCT_BUNDLE_IDENTIFIER = SupremacyApps.MyDay;
				PRODUCT_NAME = "$(TARGET_NAME)";
				SWIFT_EMIT_LOC_STRINGS = YES;
				SWIFT_VERSION = 5.0;
				TARGETED_DEVICE_FAMILY = "1,2";
			};
			name = Debug;
		};
		1EC6388F2A5DD3C200512524 /* Release */ = {
			isa = XCBuildConfiguration;
			buildSettings = {
				ASSETCATALOG_COMPILER_APPICON_NAME = AppIcon;
				ASSETCATALOG_COMPILER_GLOBAL_ACCENT_COLOR_NAME = AccentColor;
				CODE_SIGN_STYLE = Automatic;
				CURRENT_PROJECT_VERSION = 1;
				DEVELOPMENT_TEAM = DW33L832VN;
				GENERATE_INFOPLIST_FILE = YES;
				INFOPLIST_FILE = MyDay/Info.plist;
				INFOPLIST_KEY_UIApplicationSupportsIndirectInputEvents = YES;
				INFOPLIST_KEY_UILaunchStoryboardName = LaunchScreen;
				INFOPLIST_KEY_UISupportedInterfaceOrientations_iPad = "UIInterfaceOrientationPortrait UIInterfaceOrientationPortraitUpsideDown UIInterfaceOrientationLandscapeLeft UIInterfaceOrientationLandscapeRight";
				INFOPLIST_KEY_UISupportedInterfaceOrientations_iPhone = "UIInterfaceOrientationPortrait UIInterfaceOrientationLandscapeLeft UIInterfaceOrientationLandscapeRight";
				IPHONEOS_DEPLOYMENT_TARGET = 15.0;
				LD_RUNPATH_SEARCH_PATHS = (
					"$(inherited)",
					"@executable_path/Frameworks",
				);
				MARKETING_VERSION = 1.0;
				PRODUCT_BUNDLE_IDENTIFIER = SupremacyApps.MyDay;
				PRODUCT_NAME = "$(TARGET_NAME)";
				SWIFT_EMIT_LOC_STRINGS = YES;
				SWIFT_VERSION = 5.0;
				TARGETED_DEVICE_FAMILY = "1,2";
			};
			name = Release;
		};
/* End XCBuildConfiguration section */

/* Begin XCConfigurationList section */
		1EC638742A5DD3C100512524 /* Build configuration list for PBXProject "MyDay" */ = {
			isa = XCConfigurationList;
			buildConfigurations = (
				1EC6388B2A5DD3C200512524 /* Debug */,
				1EC6388C2A5DD3C200512524 /* Release */,
			);
			defaultConfigurationIsVisible = 0;
			defaultConfigurationName = Release;
		};
		1EC6388D2A5DD3C200512524 /* Build configuration list for PBXNativeTarget "MyDay" */ = {
			isa = XCConfigurationList;
			buildConfigurations = (
				1EC6388E2A5DD3C200512524 /* Debug */,
				1EC6388F2A5DD3C200512524 /* Release */,
			);
			defaultConfigurationIsVisible = 0;
			defaultConfigurationName = Release;
		};
/* End XCConfigurationList section */

/* Begin XCRemoteSwiftPackageReference section */
		1EC638962A5E8BEB00512524 /* XCRemoteSwiftPackageReference "SnapKit" */ = {
			isa = XCRemoteSwiftPackageReference;
			repositoryURL = "https://github.com/SnapKit/SnapKit.git";
			requirement = {
				kind = upToNextMajorVersion;
				minimumVersion = 5.0.0;
			};
		};
/* End XCRemoteSwiftPackageReference section */

/* Begin XCSwiftPackageProductDependency section */
		1EC638972A5E8BEB00512524 /* SnapKit */ = {
			isa = XCSwiftPackageProductDependency;
			package = 1EC638962A5E8BEB00512524 /* XCRemoteSwiftPackageReference "SnapKit" */;
			productName = SnapKit;
		};
/* End XCSwiftPackageProductDependency section */
	};
	rootObject = 1EC638712A5DD3C100512524 /* Project object */;
}
